
Microsoft Visual Studio Solution File, Format Version 12.00
# Visual Studio Version 16
VisualStudioVersion = 16.0.31729.503
MinimumVisualStudioVersion = 10.0.40219.1
Project("{8BC9CEB8-8B4A-11D0-8D11-00A0C91BC942}") = "master", "master.vcxproj", "{D77BCE42-3896-4E6B-AB16-8802A8549AB4}"
EndProject
Global
	GlobalSection(SolutionConfigurationPlatforms) = preSolution
		Debug|Win32 = Debug|Win32
		Debug|x64 = Debug|x64
		Release|Win32 = Release|Win32
		Release|x64 = Release|x64
	EndGlobalSection
	GlobalSection(ProjectConfigurationPlatforms) = postSolution
		{D77BCE42-3896-4E6B-AB16-8802A8549AB4}.Debug|Win32.ActiveCfg = Debug|Win32
		{D77BCE42-3896-4E6B-AB16-8802A8549AB4}.Debug|Win32.Build.0 = Debug|Win32
		{D77BCE42-3896-4E6B-AB16-8802A8549AB4}.Debug|x64.ActiveCfg = Debug|x64
		{D77BCE42-3896-4E6B-AB16-8802A8549AB4}.Debug|x64.Build.0 = Debug|x64
		{D77BCE42-3896-4E6B-AB16-8802A8549AB4}.Release|Win32.ActiveCfg = Release|Win32
		{D77BCE42-3896-4E6B-AB16-8802A8549AB4}.Release|Win32.Build.0 = Release|Win32
		{D77BCE42-3896-4E6B-AB16-8802A8549AB4}.Release|x64.ActiveCfg = Release|x64
		{D77BCE42-3896-4E6B-AB16-8802A8549AB4}.Release|x64.Build.0 = Release|x64
	EndGlobalSection
	GlobalSection(SolutionProperties) = preSolution
		HideSolutionNode = FALSE
	EndGlobalSection
	GlobalSection(ExtensibilityGlobals) = postSolution
		SolutionGuid = {A4D97E2B-F7FE-40EE-B012-DA57BD61BA12}
	EndGlobalSection
EndGlobal
